
Microsoft Visual Studio Solution File, Format Version 12.00
# Visual Studio 15
Project("{FAE04EC0-301F-11D3-BF4B-00C04F79EFBC}") = "Assembly-CSharp", "Assembly-CSharp.csproj", "{D5428952-9EA1-C5E5-D3BB-A6EA40C7D574}"
EndProject
Project("{FAE04EC0-301F-11D3-BF4B-00C04F79EFBC}") = "Assembly-CSharp-Editor", "Assembly-CSharp-Editor.csproj", "{C194DC37-E490-259D-C826-52DBB0E62F68}"
EndProject
Global
	GlobalSection(SolutionConfigurationPlatforms) = preSolution
		Debug|Any CPU = Debug|Any CPU
		Release|Any CPU = Release|Any CPU
	EndGlobalSection
	GlobalSection(ProjectConfigurationPlatforms) = postSolution
		{D5428952-9EA1-C5E5-D3BB-A6EA40C7D574}.Debug|Any CPU.ActiveCfg = Debug|Any CPU
		{D5428952-9EA1-C5E5-D3BB-A6EA40C7D574}.Debug|Any CPU.Build.0 = Debug|Any CPU
		{D5428952-9EA1-C5E5-D3BB-A6EA40C7D574}.Release|Any CPU.ActiveCfg = Release|Any CPU
		{D5428952-9EA1-C5E5-D3BB-A6EA40C7D574}.Release|Any CPU.Build.0 = Release|Any CPU
		{C194DC37-E490-259D-C826-52DBB0E62F68}.Debug|Any CPU.ActiveCfg = Debug|Any CPU
		{C194DC37-E490-259D-C826-52DBB0E62F68}.Debug|Any CPU.Build.0 = Debug|Any CPU
		{C194DC37-E490-259D-C826-52DBB0E62F68}.Release|Any CPU.ActiveCfg = Release|Any CPU
		{C194DC37-E490-259D-C826-52DBB0E62F68}.Release|Any CPU.Build.0 = Release|Any CPU
	EndGlobalSection
	GlobalSection(SolutionProperties) = preSolution
		HideSolutionNode = FALSE
	EndGlobalSection
EndGlobal
